// !$*UTF8*$!
{
	archiveVersion = 1;
	classes = {
	};
	objectVersion = 51;
	objects = {

/* Begin PBXBuildFile section */
		03C24D937A21C926988703F4 /* Pods_NexSeedChat.framework in Frameworks */ = {isa = PBXBuildFile; fileRef = 715D6B3FA878AB111CE52727 /* Pods_NexSeedChat.framework */; };
		7DE0CD9D2304E7D500A878AA /* AppDelegate.swift in Sources */ = {isa = PBXBuildFile; fileRef = 7DE0CD9C2304E7D500A878AA /* AppDelegate.swift */; };
		7DE0CDA22304E7D500A878AA /* Main.storyboard in Resources */ = {isa = PBXBuildFile; fileRef = 7DE0CDA02304E7D500A878AA /* Main.storyboard */; };
		7DE0CDA42304E7D600A878AA /* Assets.xcassets in Resources */ = {isa = PBXBuildFile; fileRef = 7DE0CDA32304E7D600A878AA /* Assets.xcassets */; };
		7DE0CDA72304E7D600A878AA /* LaunchScreen.storyboard in Resources */ = {isa = PBXBuildFile; fileRef = 7DE0CDA52304E7D600A878AA /* LaunchScreen.storyboard */; };
		7DE0CDAF2304E87700A878AA /* GoogleService-Info.plist in Resources */ = {isa = PBXBuildFile; fileRef = 7DE0CDAE2304E87700A878AA /* GoogleService-Info.plist */; };
		7DE0CDBD2304F31A00A878AA /* LoginViewController.swift in Sources */ = {isa = PBXBuildFile; fileRef = 7DE0CDBC2304F31A00A878AA /* LoginViewController.swift */; };
		7DE0CDBF2304F33E00A878AA /* ChatViewController.swift in Sources */ = {isa = PBXBuildFile; fileRef = 7DE0CDBE2304F33E00A878AA /* ChatViewController.swift */; };
		7DE0CDC12304F35D00A878AA /* Message.swift in Sources */ = {isa = PBXBuildFile; fileRef = 7DE0CDC02304F35D00A878AA /* Message.swift */; };
		7DE0CDC32304F38500A878AA /* ChatUser.swift in Sources */ = {isa = PBXBuildFile; fileRef = 7DE0CDC22304F38500A878AA /* ChatUser.swift */; };
/* End PBXBuildFile section */

/* Begin PBXFileReference section */
		715D6B3FA878AB111CE52727 /* Pods_NexSeedChat.framework */ = {isa = PBXFileReference; explicitFileType = wrapper.framework; includeInIndex = 0; path = Pods_NexSeedChat.framework; sourceTree = BUILT_PRODUCTS_DIR; };
		7347157E106F598A953E03C1 /* Pods-NexSeedChat.release.xcconfig */ = {isa = PBXFileReference; includeInIndex = 1; lastKnownFileType = text.xcconfig; name = "Pods-NexSeedChat.release.xcconfig"; path = "Target Support Files/Pods-NexSeedChat/Pods-NexSeedChat.release.xcconfig"; sourceTree = "<group>"; };
		7DE0CD992304E7D500A878AA /* NexSeedChat.app */ = {isa = PBXFileReference; explicitFileType = wrapper.application; includeInIndex = 0; path = NexSeedChat.app; sourceTree = BUILT_PRODUCTS_DIR; };
		7DE0CD9C2304E7D500A878AA /* AppDelegate.swift */ = {isa = PBXFileReference; lastKnownFileType = sourcecode.swift; path = AppDelegate.swift; sourceTree = "<group>"; };
		7DE0CDA12304E7D500A878AA /* Base */ = {isa = PBXFileReference; lastKnownFileType = file.storyboard; name = Base; path = Base.lproj/Main.storyboard; sourceTree = "<group>"; };
		7DE0CDA32304E7D600A878AA /* Assets.xcassets */ = {isa = PBXFileReference; lastKnownFileType = folder.assetcatalog; path = Assets.xcassets; sourceTree = "<group>"; };
		7DE0CDA62304E7D600A878AA /* Base */ = {isa = PBXFileReference; lastKnownFileType = file.storyboard; name = Base; path = Base.lproj/LaunchScreen.storyboard; sourceTree = "<group>"; };
		7DE0CDA82304E7D600A878AA /* Info.plist */ = {isa = PBXFileReference; lastKnownFileType = text.plist.xml; path = Info.plist; sourceTree = "<group>"; };
		7DE0CDAE2304E87700A878AA /* GoogleService-Info.plist */ = {isa = PBXFileReference; fileEncoding = 4; lastKnownFileType = text.plist.xml; path = "GoogleService-Info.plist"; sourceTree = "<group>"; };
		7DE0CDBC2304F31A00A878AA /* LoginViewController.swift */ = {isa = PBXFileReference; lastKnownFileType = sourcecode.swift; path = LoginViewController.swift; sourceTree = "<group>"; };
		7DE0CDBE2304F33E00A878AA /* ChatViewController.swift */ = {isa = PBXFileReference; lastKnownFileType = sourcecode.swift; path = ChatViewController.swift; sourceTree = "<group>"; };
		7DE0CDC02304F35D00A878AA /* Message.swift */ = {isa = PBXFileReference; lastKnownFileType = sourcecode.swift; path = Message.swift; sourceTree = "<group>"; };
		7DE0CDC22304F38500A878AA /* ChatUser.swift */ = {isa = PBXFileReference; lastKnownFileType = sourcecode.swift; path = ChatUser.swift; sourceTree = "<group>"; };
		A36982EABE46B177D787F335 /* Pods-NexSeedChat.debug.xcconfig */ = {isa = PBXFileReference; includeInIndex = 1; lastKnownFileType = text.xcconfig; name = "Pods-NexSeedChat.debug.xcconfig"; path = "Target Support Files/Pods-NexSeedChat/Pods-NexSeedChat.debug.xcconfig"; sourceTree = "<group>"; };
/* End PBXFileReference section */

/* Begin PBXFrameworksBuildPhase section */
		7DE0CD962304E7D500A878AA /* Frameworks */ = {
			isa = PBXFrameworksBuildPhase;
			buildActionMask = 2147483647;
			files = (
				03C24D937A21C926988703F4 /* Pods_NexSeedChat.framework in Frameworks */,
			);
			runOnlyForDeploymentPostprocessing = 0;
		};
/* End PBXFrameworksBuildPhase section */

/* Begin PBXGroup section */
		1A219132DF89CA5BC87C059F /* Pods */ = {
			isa = PBXGroup;
			children = (
				A36982EABE46B177D787F335 /* Pods-NexSeedChat.debug.xcconfig */,
				7347157E106F598A953E03C1 /* Pods-NexSeedChat.release.xcconfig */,
			);
			path = Pods;
			sourceTree = "<group>";
		};
		4F6C36C8E6296D939A52A5AF /* Frameworks */ = {
			isa = PBXGroup;
			children = (
				715D6B3FA878AB111CE52727 /* Pods_NexSeedChat.framework */,
			);
			name = Frameworks;
			sourceTree = "<group>";
		};
		7DE0CD902304E7D500A878AA = {
			isa = PBXGroup;
			children = (
				7DE0CD9B2304E7D500A878AA /* NexSeedChat */,
				7DE0CD9A2304E7D500A878AA /* Products */,
				1A219132DF89CA5BC87C059F /* Pods */,
				4F6C36C8E6296D939A52A5AF /* Frameworks */,
			);
			sourceTree = "<group>";
		};
		7DE0CD9A2304E7D500A878AA /* Products */ = {
			isa = PBXGroup;
			children = (
				7DE0CD992304E7D500A878AA /* NexSeedChat.app */,
			);
			name = Products;
			sourceTree = "<group>";
		};
		7DE0CD9B2304E7D500A878AA /* NexSeedChat */ = {
			isa = PBXGroup;
			children = (
				7DE0CDBB2304F30000A878AA /* objects */,
				7DE0CDBA2304F2F200A878AA /* controllers */,
				7DE0CD9C2304E7D500A878AA /* AppDelegate.swift */,
				7DE0CDA02304E7D500A878AA /* Main.storyboard */,
				7DE0CDA32304E7D600A878AA /* Assets.xcassets */,
				7DE0CDA52304E7D600A878AA /* LaunchScreen.storyboard */,
				7DE0CDA82304E7D600A878AA /* Info.plist */,
				7DE0CDAE2304E87700A878AA /* GoogleService-Info.plist */,
			);
			path = NexSeedChat;
			sourceTree = "<group>";
		};
		7DE0CDBA2304F2F200A878AA /* controllers */ = {
			isa = PBXGroup;
			children = (
				7DE0CDBC2304F31A00A878AA /* LoginViewController.swift */,
				7DE0CDBE2304F33E00A878AA /* ChatViewController.swift */,
			);
			path = controllers;
			sourceTree = "<group>";
		};
		7DE0CDBB2304F30000A878AA /* objects */ = {
			isa = PBXGroup;
			children = (
				7DE0CDC02304F35D00A878AA /* Message.swift */,
				7DE0CDC22304F38500A878AA /* ChatUser.swift */,
			);
			path = objects;
			sourceTree = "<group>";
		};
/* End PBXGroup section */

/* Begin PBXNativeTarget section */
		7DE0CD982304E7D500A878AA /* NexSeedChat */ = {
			isa = PBXNativeTarget;
			buildConfigurationList = 7DE0CDAB2304E7D600A878AA /* Build configuration list for PBXNativeTarget "NexSeedChat" */;
			buildPhases = (
				E5CA8198EDBBEDCF36991EF0 /* [CP] Check Pods Manifest.lock */,
				7DE0CD952304E7D500A878AA /* Sources */,
				7DE0CD962304E7D500A878AA /* Frameworks */,
				7DE0CD972304E7D500A878AA /* Resources */,
				31C12DD125FACBE4A8DF3BE1 /* [CP] Embed Pods Frameworks */,
				63AEECE01A6B436931B76B5D /* [CP] Copy Pods Resources */,
			);
			buildRules = (
			);
			dependencies = (
			);
			name = NexSeedChat;
			productName = NexSeedChat;
			productReference = 7DE0CD992304E7D500A878AA /* NexSeedChat.app */;
			productType = "com.apple.product-type.application";
		};
/* End PBXNativeTarget section */

/* Begin PBXProject section */
		7DE0CD912304E7D500A878AA /* Project object */ = {
			isa = PBXProject;
			attributes = {
				LastSwiftUpdateCheck = 1030;
				LastUpgradeCheck = 1030;
				ORGANIZATIONNAME = "比嘉幹樹";
				TargetAttributes = {
					7DE0CD982304E7D500A878AA = {
						CreatedOnToolsVersion = 10.3;
					};
				};
			};
			buildConfigurationList = 7DE0CD942304E7D500A878AA /* Build configuration list for PBXProject "NexSeedChat" */;
			compatibilityVersion = "Xcode 9.3";
			developmentRegion = en;
			hasScannedForEncodings = 0;
			knownRegions = (
				en,
				Base,
			);
			mainGroup = 7DE0CD902304E7D500A878AA;
			productRefGroup = 7DE0CD9A2304E7D500A878AA /* Products */;
			projectDirPath = "";
			projectRoot = "";
			targets = (
				7DE0CD982304E7D500A878AA /* NexSeedChat */,
			);
		};
/* End PBXProject section */

/* Begin PBXResourcesBuildPhase section */
		7DE0CD972304E7D500A878AA /* Resources */ = {
			isa = PBXResourcesBuildPhase;
			buildActionMask = 2147483647;
			files = (
				7DE0CDA72304E7D600A878AA /* LaunchScreen.storyboard in Resources */,
				7DE0CDA42304E7D600A878AA /* Assets.xcassets in Resources */,
				7DE0CDA22304E7D500A878AA /* Main.storyboard in Resources */,
				7DE0CDAF2304E87700A878AA /* GoogleService-Info.plist in Resources */,
			);
			runOnlyForDeploymentPostprocessing = 0;
		};
/* End PBXResourcesBuildPhase section */

/* Begin PBXShellScriptBuildPhase section */
		31C12DD125FACBE4A8DF3BE1 /* [CP] Embed Pods Frameworks */ = {
			isa = PBXShellScriptBuildPhase;
			buildActionMask = 2147483647;
			files = (
			);
			inputFileListPaths = (
				"${PODS_ROOT}/Target Support Files/Pods-NexSeedChat/Pods-NexSeedChat-frameworks-${CONFIGURATION}-input-files.xcfilelist",
			);
			name = "[CP] Embed Pods Frameworks";
			outputFileListPaths = (
				"${PODS_ROOT}/Target Support Files/Pods-NexSeedChat/Pods-NexSeedChat-frameworks-${CONFIGURATION}-output-files.xcfilelist",
			);
			runOnlyForDeploymentPostprocessing = 0;
			shellPath = /bin/sh;
			shellScript = "\"${PODS_ROOT}/Target Support Files/Pods-NexSeedChat/Pods-NexSeedChat-frameworks.sh\"\n";
			showEnvVarsInLog = 0;
		};
		63AEECE01A6B436931B76B5D /* [CP] Copy Pods Resources */ = {
			isa = PBXShellScriptBuildPhase;
			buildActionMask = 2147483647;
			files = (
			);
			inputFileListPaths = (
				"${PODS_ROOT}/Target Support Files/Pods-NexSeedChat/Pods-NexSeedChat-resources-${CONFIGURATION}-input-files.xcfilelist",
			);
			name = "[CP] Copy Pods Resources";
			outputFileListPaths = (
				"${PODS_ROOT}/Target Support Files/Pods-NexSeedChat/Pods-NexSeedChat-resources-${CONFIGURATION}-output-files.xcfilelist",
			);
			runOnlyForDeploymentPostprocessing = 0;
			shellPath = /bin/sh;
			shellScript = "\"${PODS_ROOT}/Target Support Files/Pods-NexSeedChat/Pods-NexSeedChat-resources.sh\"\n";
			showEnvVarsInLog = 0;
		};
		E5CA8198EDBBEDCF36991EF0 /* [CP] Check Pods Manifest.lock */ = {
			isa = PBXShellScriptBuildPhase;
			buildActionMask = 2147483647;
			files = (
			);
			inputFileListPaths = (
			);
			inputPaths = (
				"${PODS_PODFILE_DIR_PATH}/Podfile.lock",
				"${PODS_ROOT}/Manifest.lock",
			);
			name = "[CP] Check Pods Manifest.lock";
			outputFileListPaths = (
			);
			outputPaths = (
				"$(DERIVED_FILE_DIR)/Pods-NexSeedChat-checkManifestLockResult.txt",
			);
			runOnlyForDeploymentPostprocessing = 0;
			shellPath = /bin/sh;
			shellScript = "diff \"${PODS_PODFILE_DIR_PATH}/Podfile.lock\" \"${PODS_ROOT}/Manifest.lock\" > /dev/null\nif [ $? != 0 ] ; then\n    # print error to STDERR\n    echo \"error: The sandbox is not in sync with the Podfile.lock. Run 'pod install' or update your CocoaPods installation.\" >&2\n    exit 1\nfi\n# This output is used by Xcode 'outputs' to avoid re-running this script phase.\necho \"SUCCESS\" > \"${SCRIPT_OUTPUT_FILE_0}\"\n";
			showEnvVarsInLog = 0;
		};
/* End PBXShellScriptBuildPhase section */

/* Begin PBXSourcesBuildPhase section */
		7DE0CD952304E7D500A878AA /* Sources */ = {
			isa = PBXSourcesBuildPhase;
			buildActionMask = 2147483647;
			files = (
				7DE0CDBD2304F31A00A878AA /* LoginViewController.swift in Sources */,
				7DE0CDC12304F35D00A878AA /* Message.swift in Sources */,
				7DE0CDBF2304F33E00A878AA /* ChatViewController.swift in Sources */,
				7DE0CD9D2304E7D500A878AA /* AppDelegate.swift in Sources */,
				7DE0CDC32304F38500A878AA /* ChatUser.swift in Sources */,
			);
			runOnlyForDeploymentPostprocessing = 0;
		};
/* End PBXSourcesBuildPhase section */

/* Begin PBXVariantGroup section */
		7DE0CDA02304E7D500A878AA /* Main.storyboard */ = {
			isa = PBXVariantGroup;
			children = (
				7DE0CDA12304E7D500A878AA /* Base */,
			);
			name = Main.storyboard;
			sourceTree = "<group>";
		};
		7DE0CDA52304E7D600A878AA /* LaunchScreen.storyboard */ = {
			isa = PBXVariantGroup;
			children = (
				7DE0CDA62304E7D600A878AA /* Base */,
			);
			name = LaunchScreen.storyboard;
			sourceTree = "<group>";
		};
/* End PBXVariantGroup section */

/* Begin XCBuildConfiguration section */
		7DE0CDA92304E7D600A878AA /* Debug */ = {
			isa = XCBuildConfiguration;
			buildSettings = {
				ALWAYS_SEARCH_USER_PATHS = NO;
				CLANG_ANALYZER_NONNULL = YES;
				CLANG_ANALYZER_NUMBER_OBJECT_CONVERSION = YES_AGGRESSIVE;
				CLANG_CXX_LANGUAGE_STANDARD = "gnu++14";
				CLANG_CXX_LIBRARY = "libc++";
				CLANG_ENABLE_MODULES = YES;
				CLANG_ENABLE_OBJC_ARC = YES;
				CLANG_ENABLE_OBJC_WEAK = YES;
				CLANG_WARN_BLOCK_CAPTURE_AUTORELEASING = YES;
				CLANG_WARN_BOOL_CONVERSION = YES;
				CLANG_WARN_COMMA = YES;
				CLANG_WARN_CONSTANT_CONVERSION = YES;
				CLANG_WARN_DEPRECATED_OBJC_IMPLEMENTATIONS = YES;
				CLANG_WARN_DIRECT_OBJC_ISA_USAGE = YES_ERROR;
				CLANG_WARN_DOCUMENTATION_COMMENTS = YES;
				CLANG_WARN_EMPTY_BODY = YES;
				CLANG_WARN_ENUM_CONVERSION = YES;
				CLANG_WARN_INFINITE_RECURSION = YES;
				CLANG_WARN_INT_CONVERSION = YES;
				CLANG_WARN_NON_LITERAL_NULL_CONVERSION = YES;
				CLANG_WARN_OBJC_IMPLICIT_RETAIN_SELF = YES;
				CLANG_WARN_OBJC_LITERAL_CONVERSION = YES;
				CLANG_WARN_OBJC_ROOT_CLASS = YES_ERROR;
				CLANG_WARN_RANGE_LOOP_ANALYSIS = YES;
				CLANG_WARN_STRICT_PROTOTYPES = YES;
				CLANG_WARN_SUSPICIOUS_MOVE = YES;
				CLANG_WARN_UNGUARDED_AVAILABILITY = YES_AGGRESSIVE;
				CLANG_WARN_UNREACHABLE_CODE = YES;
				CLANG_WARN__DUPLICATE_METHOD_MATCH = YES;
				CODE_SIGN_IDENTITY = "iPhone Developer";
				COPY_PHASE_STRIP = NO;
				DEBUG_INFORMATION_FORMAT = dwarf;
				ENABLE_STRICT_OBJC_MSGSEND = YES;
				ENABLE_TESTABILITY = YES;
				GCC_C_LANGUAGE_STANDARD = gnu11;
				GCC_DYNAMIC_NO_PIC = NO;
				GCC_NO_COMMON_BLOCKS = YES;
				GCC_OPTIMIZATION_LEVEL = 0;
				GCC_PREPROCESSOR_DEFINITIONS = (
					"DEBUG=1",
					"$(inherited)",
				);
				GCC_WARN_64_TO_32_BIT_CONVERSION = YES;
				GCC_WARN_ABOUT_RETURN_TYPE = YES_ERROR;
				GCC_WARN_UNDECLARED_SELECTOR = YES;
				GCC_WARN_UNINITIALIZED_AUTOS = YES_AGGRESSIVE;
				GCC_WARN_UNUSED_FUNCTION = YES;
				GCC_WARN_UNUSED_VARIABLE = YES;
				IPHONEOS_DEPLOYMENT_TARGET = 12.4;
				MTL_ENABLE_DEBUG_INFO = INCLUDE_SOURCE;
				MTL_FAST_MATH = YES;
				ONLY_ACTIVE_ARCH = YES;
				SDKROOT = iphoneos;
				SWIFT_ACTIVE_COMPILATION_CONDITIONS = DEBUG;
				SWIFT_OPTIMIZATION_LEVEL = "-Onone";
			};
			name = Debug;
		};
		7DE0CDAA2304E7D600A878AA /* Release */ = {
			isa = XCBuildConfiguration;
			buildSettings = {
				ALWAYS_SEARCH_USER_PATHS = NO;
				CLANG_ANALYZER_NONNULL = YES;
				CLANG_ANALYZER_NUMBER_OBJECT_CONVERSION = YES_AGGRESSIVE;
				CLANG_CXX_LANGUAGE_STANDARD = "gnu++14";
				CLANG_CXX_LIBRARY = "libc++";
				CLANG_ENABLE_MODULES = YES;
				CLANG_ENABLE_OBJC_ARC = YES;
				CLANG_ENABLE_OBJC_WEAK = YES;
				CLANG_WARN_BLOCK_CAPTURE_AUTORELEASING = YES;
				CLANG_WARN_BOOL_CONVERSION = YES;
				CLANG_WARN_COMMA = YES;
				CLANG_WARN_CONSTANT_CONVERSION = YES;
				CLANG_WARN_DEPRECATED_OBJC_IMPLEMENTATIONS = YES;
				CLANG_WARN_DIRECT_OBJC_ISA_USAGE = YES_ERROR;
				CLANG_WARN_DOCUMENTATION_COMMENTS = YES;
				CLANG_WARN_EMPTY_BODY = YES;
				CLANG_WARN_ENUM_CONVERSION = YES;
				CLANG_WARN_INFINITE_RECURSION = YES;
				CLANG_WARN_INT_CONVERSION = YES;
				CLANG_WARN_NON_LITERAL_NULL_CONVERSION = YES;
				CLANG_WARN_OBJC_IMPLICIT_RETAIN_SELF = YES;
				CLANG_WARN_OBJC_LITERAL_CONVERSION = YES;
				CLANG_WARN_OBJC_ROOT_CLASS = YES_ERROR;
				CLANG_WARN_RANGE_LOOP_ANALYSIS = YES;
				CLANG_WARN_STRICT_PROTOTYPES = YES;
				CLANG_WARN_SUSPICIOUS_MOVE = YES;
				CLANG_WARN_UNGUARDED_AVAILABILITY = YES_AGGRESSIVE;
				CLANG_WARN_UNREACHABLE_CODE = YES;
				CLANG_WARN__DUPLICATE_METHOD_MATCH = YES;
				CODE_SIGN_IDENTITY = "iPhone Developer";
				COPY_PHASE_STRIP = NO;
				DEBUG_INFORMATION_FORMAT = "dwarf-with-dsym";
				ENABLE_NS_ASSERTIONS = NO;
				ENABLE_STRICT_OBJC_MSGSEND = YES;
				GCC_C_LANGUAGE_STANDARD = gnu11;
				GCC_NO_COMMON_BLOCKS = YES;
				GCC_WARN_64_TO_32_BIT_CONVERSION = YES;
				GCC_WARN_ABOUT_RETURN_TYPE = YES_ERROR;
				GCC_WARN_UNDECLARED_SELECTOR = YES;
				GCC_WARN_UNINITIALIZED_AUTOS = YES_AGGRESSIVE;
				GCC_WARN_UNUSED_FUNCTION = YES;
				GCC_WARN_UNUSED_VARIABLE = YES;
				IPHONEOS_DEPLOYMENT_TARGET = 12.4;
				MTL_ENABLE_DEBUG_INFO = NO;
				MTL_FAST_MATH = YES;
				SDKROOT = iphoneos;
				SWIFT_COMPILATION_MODE = wholemodule;
				SWIFT_OPTIMIZATION_LEVEL = "-O";
				VALIDATE_PRODUCT = YES;
			};
			name = Release;
		};
		7DE0CDAC2304E7D600A878AA /* Debug */ = {
			isa = XCBuildConfiguration;
			baseConfigurationReference = A36982EABE46B177D787F335 /* Pods-NexSeedChat.debug.xcconfig */;
			buildSettings = {
				ASSETCATALOG_COMPILER_APPICON_NAME = AppIcon;
				CODE_SIGN_STYLE = Automatic;
				DEVELOPMENT_TEAM = P7397529PZ;
				INFOPLIST_FILE = NexSeedChat/Info.plist;
				LD_RUNPATH_SEARCH_PATHS = (
					"$(inherited)",
					"@executable_path/Frameworks",
				);
				PRODUCT_BUNDLE_IDENTIFIER = com.example.NexSeedChat;
				PRODUCT_NAME = "$(TARGET_NAME)";
				SWIFT_VERSION = 5.0;
				TARGETED_DEVICE_FAMILY = "1,2";
			};
			name = Debug;
		};
		7DE0CDAD2304E7D600A878AA /* Release */ = {
			isa = XCBuildConfiguration;
			baseConfigurationReference = 7347157E106F598A953E03C1 /* Pods-NexSeedChat.release.xcconfig */;
			buildSettings = {
				ASSETCATALOG_COMPILER_APPICON_NAME = AppIcon;
				CODE_SIGN_STYLE = Automatic;
				DEVELOPMENT_TEAM = P7397529PZ;
				INFOPLIST_FILE = NexSeedChat/Info.plist;
				LD_RUNPATH_SEARCH_PATHS = (
					"$(inherited)",
					"@executable_path/Frameworks",
				);
				PRODUCT_BUNDLE_IDENTIFIER = com.example.NexSeedChat;
				PRODUCT_NAME = "$(TARGET_NAME)";
				SWIFT_VERSION = 5.0;
				TARGETED_DEVICE_FAMILY = "1,2";
			};
			name = Release;
		};
/* End XCBuildConfiguration section */

/* Begin XCConfigurationList section */
		7DE0CD942304E7D500A878AA /* Build configuration list for PBXProject "NexSeedChat" */ = {
			isa = XCConfigurationList;
			buildConfigurations = (
				7DE0CDA92304E7D600A878AA /* Debug */,
				7DE0CDAA2304E7D600A878AA /* Release */,
			);
			defaultConfigurationIsVisible = 0;
			defaultConfigurationName = Release;
		};
		7DE0CDAB2304E7D600A878AA /* Build configuration list for PBXNativeTarget "NexSeedChat" */ = {
			isa = XCConfigurationList;
			buildConfigurations = (
				7DE0CDAC2304E7D600A878AA /* Debug */,
				7DE0CDAD2304E7D600A878AA /* Release */,
			);
			defaultConfigurationIsVisible = 0;
			defaultConfigurationName = Release;
		};
/* End XCConfigurationList section */
	};
	rootObject = 7DE0CD912304E7D500A878AA /* Project object */;
}
